
Microsoft Visual Studio Solution File, Format Version 12.00
# Visual Studio 15
VisualStudioVersion = 15.0.26430.16
MinimumVisualStudioVersion = 10.0.40219.1
Project("{FAE04EC0-301F-11D3-BF4B-00C04F79EFBC}") = "List_mj", "list_mj\List_mj.csproj", "{D8934EE5-9FF4-46EA-ACAF-87488795E577}"
EndProject
Project("{FAE04EC0-301F-11D3-BF4B-00C04F79EFBC}") = "ListBLL", "ListBLL\ListBLL.csproj", "{78BB6933-95F8-472B-A9B6-937AB581EC32}"
EndProject
Project("{FAE04EC0-301F-11D3-BF4B-00C04F79EFBC}") = "MJDAL", "DAL\MJDAL.csproj", "{77A5CF2C-B3D9-468F-9627-83ABC5497452}"
EndProject
Global
	GlobalSection(SolutionConfigurationPlatforms) = preSolution
		Debug|Any CPU = Debug|Any CPU
		Release|Any CPU = Release|Any CPU
	EndGlobalSection
	GlobalSection(ProjectConfigurationPlatforms) = postSolution
		{D8934EE5-9FF4-46EA-ACAF-87488795E577}.Debug|Any CPU.ActiveCfg = Debug|Any CPU
		{D8934EE5-9FF4-46EA-ACAF-87488795E577}.Debug|Any CPU.Build.0 = Debug|Any CPU
		{D8934EE5-9FF4-46EA-ACAF-87488795E577}.Release|Any CPU.ActiveCfg = Release|Any CPU
		{D8934EE5-9FF4-46EA-ACAF-87488795E577}.Release|Any CPU.Build.0 = Release|Any CPU
		{78BB6933-95F8-472B-A9B6-937AB581EC32}.Debug|Any CPU.ActiveCfg = Debug|Any CPU
		{78BB6933-95F8-472B-A9B6-937AB581EC32}.Debug|Any CPU.Build.0 = Debug|Any CPU
		{78BB6933-95F8-472B-A9B6-937AB581EC32}.Release|Any CPU.ActiveCfg = Release|Any CPU
		{78BB6933-95F8-472B-A9B6-937AB581EC32}.Release|Any CPU.Build.0 = Release|Any CPU
		{77A5CF2C-B3D9-468F-9627-83ABC5497452}.Debug|Any CPU.ActiveCfg = Debug|Any CPU
		{77A5CF2C-B3D9-468F-9627-83ABC5497452}.Debug|Any CPU.Build.0 = Debug|Any CPU
		{77A5CF2C-B3D9-468F-9627-83ABC5497452}.Release|Any CPU.ActiveCfg = Release|Any CPU
		{77A5CF2C-B3D9-468F-9627-83ABC5497452}.Release|Any CPU.Build.0 = Release|Any CPU
	EndGlobalSection
	GlobalSection(SolutionProperties) = preSolution
		HideSolutionNode = FALSE
	EndGlobalSection
	GlobalSection(ExtensibilityGlobals) = postSolution
		SolutionGuid = {8A3EF218-F2E9-4D51-BA32-65D0E3BF15A3}
	EndGlobalSection
EndGlobal
